// !$*UTF8*$!
{
	archiveVersion = 1;
	classes = {
	};
	objectVersion = 56;
	objects = {

/* Begin PBXBuildFile section */
		A452864B2DF2180400CAD647 /* Assets.xcassets in Resources */ = {isa = PBXBuildFile; fileRef = A452864C2DF2180400CAD647 /* Assets.xcassets */; };
		A4A65DF22DF3348200F1C2AD /* Emulator.swift in Sources */ = {isa = PBXBuildFile; fileRef = A4A65DE52DF3348200F1C2AD /* Emulator.swift */; };
		A4A65DF32DF3348200F1C2AD /* SettingsManager.swift in Sources */ = {isa = PBXBuildFile; fileRef = A4A65DE22DF3348200F1C2AD /* SettingsManager.swift */; };
		A4A65DF42DF3348200F1C2AD /* LoadingView.swift in Sources */ = {isa = PBXBuildFile; fileRef = A4A65DEA2DF3348200F1C2AD /* LoadingView.swift */; };
		A4A65DF52DF3348200F1C2AD /* CommandService.swift in Sources */ = {isa = PBXBuildFile; fileRef = A4A65DE72DF3348200F1C2AD /* CommandService.swift */; };
		A4A65DF62DF3348200F1C2AD /* ToolboxStyleEmulatorRow.swift in Sources */ = {isa = PBXBuildFile; fileRef = A4A65DEB2DF3348200F1C2AD /* ToolboxStyleEmulatorRow.swift */; };
		A4A65DF72DF3348200F1C2AD /* StatusBarContentView.swift in Sources */ = {isa = PBXBuildFile; fileRef = A4A65DEF2DF3348200F1C2AD /* StatusBarContentView.swift */; };
		A4A65DF82DF3348200F1C2AD /* AVDManagerError.swift in Sources */ = {isa = PBXBuildFile; fileRef = A4A65DDC2DF3348200F1C2AD /* AVDManagerError.swift */; };
		A4A65DF92DF3348200F1C2AD /* EmulatorManaging.swift in Sources */ = {isa = PBXBuildFile; fileRef = A4A65DDE2DF3348200F1C2AD /* EmulatorManaging.swift */; };
		A4A65DFA2DF3348200F1C2AD /* StatusBarManager.swift in Sources */ = {isa = PBXBuildFile; fileRef = A4A65DE32DF3348200F1C2AD /* StatusBarManager.swift */; };
		A4A65DFB2DF3348200F1C2AD /* EmptyStateView.swift in Sources */ = {isa = PBXBuildFile; fileRef = A4A65DE92DF3348200F1C2AD /* EmptyStateView.swift */; };
		A4A65DFC2DF3348200F1C2AD /* SettingsView.swift in Sources */ = {isa = PBXBuildFile; fileRef = A4A65DED2DF3348200F1C2AD /* SettingsView.swift */; };
		A4A65DFD2DF3348200F1C2AD /* AndroidEmulatorManager.swift in Sources */ = {isa = PBXBuildFile; fileRef = A4A65DE12DF3348200F1C2AD /* AndroidEmulatorManager.swift */; };
		A4A65DFF2DF3377800F1C2AD /* avdmanagerApp.swift in Sources */ = {isa = PBXBuildFile; fileRef = A4A65DFE2DF335A100F1C2AD /* avdmanagerApp.swift */; };
/* End PBXBuildFile section */

/* Begin PBXFileReference section */
		A45286402DF2180300CAD647 /* avdmanager.app */ = {isa = PBXFileReference; explicitFileType = wrapper.application; includeInIndex = 0; path = avdmanager.app; sourceTree = BUILT_PRODUCTS_DIR; };
		A452864C2DF2180400CAD647 /* Assets.xcassets */ = {isa = PBXFileReference; lastKnownFileType = folder.assetcatalog; path = Assets.xcassets; sourceTree = "<group>"; };
		A452864E2DF2180500CAD647 /* avdmanager.entitlements */ = {isa = PBXFileReference; lastKnownFileType = text.plist.entitlements; path = avdmanager.entitlements; sourceTree = "<group>"; };
		A4A65DDC2DF3348200F1C2AD /* AVDManagerError.swift */ = {isa = PBXFileReference; lastKnownFileType = sourcecode.swift; path = AVDManagerError.swift; sourceTree = "<group>"; };
		A4A65DDE2DF3348200F1C2AD /* EmulatorManaging.swift */ = {isa = PBXFileReference; lastKnownFileType = sourcecode.swift; path = EmulatorManaging.swift; sourceTree = "<group>"; };
		A4A65DE12DF3348200F1C2AD /* AndroidEmulatorManager.swift */ = {isa = PBXFileReference; lastKnownFileType = sourcecode.swift; path = AndroidEmulatorManager.swift; sourceTree = "<group>"; };
		A4A65DE22DF3348200F1C2AD /* SettingsManager.swift */ = {isa = PBXFileReference; lastKnownFileType = sourcecode.swift; path = SettingsManager.swift; sourceTree = "<group>"; };
		A4A65DE32DF3348200F1C2AD /* StatusBarManager.swift */ = {isa = PBXFileReference; lastKnownFileType = sourcecode.swift; path = StatusBarManager.swift; sourceTree = "<group>"; };
		A4A65DE52DF3348200F1C2AD /* Emulator.swift */ = {isa = PBXFileReference; lastKnownFileType = sourcecode.swift; path = Emulator.swift; sourceTree = "<group>"; };
		A4A65DE72DF3348200F1C2AD /* CommandService.swift */ = {isa = PBXFileReference; lastKnownFileType = sourcecode.swift; path = CommandService.swift; sourceTree = "<group>"; };
		A4A65DE92DF3348200F1C2AD /* EmptyStateView.swift */ = {isa = PBXFileReference; lastKnownFileType = sourcecode.swift; path = EmptyStateView.swift; sourceTree = "<group>"; };
		A4A65DEA2DF3348200F1C2AD /* LoadingView.swift */ = {isa = PBXFileReference; lastKnownFileType = sourcecode.swift; path = LoadingView.swift; sourceTree = "<group>"; };
		A4A65DEB2DF3348200F1C2AD /* ToolboxStyleEmulatorRow.swift */ = {isa = PBXFileReference; lastKnownFileType = sourcecode.swift; path = ToolboxStyleEmulatorRow.swift; sourceTree = "<group>"; };
		A4A65DED2DF3348200F1C2AD /* SettingsView.swift */ = {isa = PBXFileReference; lastKnownFileType = sourcecode.swift; path = SettingsView.swift; sourceTree = "<group>"; };
		A4A65DEF2DF3348200F1C2AD /* StatusBarContentView.swift */ = {isa = PBXFileReference; lastKnownFileType = sourcecode.swift; path = StatusBarContentView.swift; sourceTree = "<group>"; };
		A4A65DFE2DF335A100F1C2AD /* avdmanagerApp.swift */ = {isa = PBXFileReference; lastKnownFileType = sourcecode.swift; path = avdmanagerApp.swift; sourceTree = "<group>"; };
/* End PBXFileReference section */

/* Begin PBXFrameworksBuildPhase section */
		A452863D2DF2180300CAD647 /* Frameworks */ = {
			isa = PBXFrameworksBuildPhase;
			buildActionMask = 2147483647;
			files = (
			);
			runOnlyForDeploymentPostprocessing = 0;
		};
/* End PBXFrameworksBuildPhase section */

/* Begin PBXGroup section */
		A45286372DF2180300CAD647 = {
			isa = PBXGroup;
			children = (
				A45286422DF2180400CAD647 /* avdmanager */,
				A45286412DF2180300CAD647 /* Products */,
			);
			sourceTree = "<group>";
		};
		A45286412DF2180300CAD647 /* Products */ = {
			isa = PBXGroup;
			children = (
				A45286402DF2180300CAD647 /* avdmanager.app */,
			);
			name = Products;
			sourceTree = "<group>";
		};
		A45286422DF2180400CAD647 /* avdmanager */ = {
			isa = PBXGroup;
			children = (
				A4A65DE02DF3348200F1C2AD /* Core */,
				A4A65DE42DF3348200F1C2AD /* Managers */,
				A4A65DE62DF3348200F1C2AD /* Models */,
				A4A65DE82DF3348200F1C2AD /* Services */,
				A4A65DF12DF3348200F1C2AD /* Views */,
				A452864C2DF2180400CAD647 /* Assets.xcassets */,
				A452864E2DF2180500CAD647 /* avdmanager.entitlements */,
				A4A65DFE2DF335A100F1C2AD /* avdmanagerApp.swift */,
			);
			path = avdmanager;
			sourceTree = "<group>";
		};
		A4A65DDD2DF3348200F1C2AD /* Errors */ = {
			isa = PBXGroup;
			children = (
				A4A65DDC2DF3348200F1C2AD /* AVDManagerError.swift */,
			);
			path = Errors;
			sourceTree = "<group>";
		};
		A4A65DDF2DF3348200F1C2AD /* Protocols */ = {
			isa = PBXGroup;
			children = (
				A4A65DDE2DF3348200F1C2AD /* EmulatorManaging.swift */,
			);
			path = Protocols;
			sourceTree = "<group>";
		};
		A4A65DE02DF3348200F1C2AD /* Core */ = {
			isa = PBXGroup;
			children = (
				A4A65DDD2DF3348200F1C2AD /* Errors */,
				A4A65DDF2DF3348200F1C2AD /* Protocols */,
			);
			path = Core;
			sourceTree = "<group>";
		};
		A4A65DE42DF3348200F1C2AD /* Managers */ = {
			isa = PBXGroup;
			children = (
				A4A65DE12DF3348200F1C2AD /* AndroidEmulatorManager.swift */,
				A4A65DE22DF3348200F1C2AD /* SettingsManager.swift */,
				A4A65DE32DF3348200F1C2AD /* StatusBarManager.swift */,
			);
			path = Managers;
			sourceTree = "<group>";
		};
		A4A65DE62DF3348200F1C2AD /* Models */ = {
			isa = PBXGroup;
			children = (
				A4A65DE52DF3348200F1C2AD /* Emulator.swift */,
			);
			path = Models;
			sourceTree = "<group>";
		};
		A4A65DE82DF3348200F1C2AD /* Services */ = {
			isa = PBXGroup;
			children = (
				A4A65DE72DF3348200F1C2AD /* CommandService.swift */,
			);
			path = Services;
			sourceTree = "<group>";
		};
		A4A65DEC2DF3348200F1C2AD /* Components */ = {
			isa = PBXGroup;
			children = (
				A4A65DE92DF3348200F1C2AD /* EmptyStateView.swift */,
				A4A65DEA2DF3348200F1C2AD /* LoadingView.swift */,
				A4A65DEB2DF3348200F1C2AD /* ToolboxStyleEmulatorRow.swift */,
			);
			path = Components;
			sourceTree = "<group>";
		};
		A4A65DEE2DF3348200F1C2AD /* Settings */ = {
			isa = PBXGroup;
			children = (
				A4A65DED2DF3348200F1C2AD /* SettingsView.swift */,
			);
			path = Settings;
			sourceTree = "<group>";
		};
		A4A65DF02DF3348200F1C2AD /* StatusBar */ = {
			isa = PBXGroup;
			children = (
				A4A65DEF2DF3348200F1C2AD /* StatusBarContentView.swift */,
			);
			path = StatusBar;
			sourceTree = "<group>";
		};
		A4A65DF12DF3348200F1C2AD /* Views */ = {
			isa = PBXGroup;
			children = (
				A4A65DEC2DF3348200F1C2AD /* Components */,
				A4A65DEE2DF3348200F1C2AD /* Settings */,
				A4A65DF02DF3348200F1C2AD /* StatusBar */,
			);
			path = Views;
			sourceTree = "<group>";
		};
/* End PBXGroup section */

/* Begin PBXNativeTarget section */
		A452863F2DF2180300CAD647 /* avdmanager */ = {
			isa = PBXNativeTarget;
			buildConfigurationList = A45286622DF2180500CAD647 /* Build configuration list for PBXNativeTarget "avdmanager" */;
			buildPhases = (
				A452863C2DF2180300CAD647 /* Sources */,
				A452863D2DF2180300CAD647 /* Frameworks */,
				A452863E2DF2180300CAD647 /* Resources */,
			);
			buildRules = (
			);
			dependencies = (
			);
			name = avdmanager;
			productName = avdmanager;
			productReference = A45286402DF2180300CAD647 /* avdmanager.app */;
			productType = "com.apple.product-type.application";
		};
/* End PBXNativeTarget section */

/* Begin PBXProject section */
		A45286382DF2180300CAD647 /* Project object */ = {
			isa = PBXProject;
			attributes = {
				BuildIndependentTargetsInParallel = 1;
				LastSwiftUpdateCheck = 1500;
				LastUpgradeCheck = 1630;
				TargetAttributes = {
					A452863F2DF2180300CAD647 = {
						CreatedOnToolsVersion = 15.0;
					};
				};
			};
			buildConfigurationList = A452863B2DF2180300CAD647 /* Build configuration list for PBXProject "avdmanager" */;
			compatibilityVersion = "Xcode 14.0";
			developmentRegion = en;
			hasScannedForEncodings = 0;
			knownRegions = (
				en,
				Base,
			);
			mainGroup = A45286372DF2180300CAD647;
			productRefGroup = A45286412DF2180300CAD647 /* Products */;
			projectDirPath = "";
			projectRoot = "";
			targets = (
				A452863F2DF2180300CAD647 /* avdmanager */,
			);
		};
/* End PBXProject section */

/* Begin PBXResourcesBuildPhase section */
		A452863E2DF2180300CAD647 /* Resources */ = {
			isa = PBXResourcesBuildPhase;
			buildActionMask = 2147483647;
			files = (
				A452864B2DF2180400CAD647 /* Assets.xcassets in Resources */,
			);
			runOnlyForDeploymentPostprocessing = 0;
		};
/* End PBXResourcesBuildPhase section */

/* Begin PBXSourcesBuildPhase section */
		A452863C2DF2180300CAD647 /* Sources */ = {
			isa = PBXSourcesBuildPhase;
			buildActionMask = 2147483647;
			files = (
				A4A65DFF2DF3377800F1C2AD /* avdmanagerApp.swift in Sources */,
				A4A65DF22DF3348200F1C2AD /* Emulator.swift in Sources */,
				A4A65DF32DF3348200F1C2AD /* SettingsManager.swift in Sources */,
				A4A65DF42DF3348200F1C2AD /* LoadingView.swift in Sources */,
				A4A65DF52DF3348200F1C2AD /* CommandService.swift in Sources */,
				A4A65DF62DF3348200F1C2AD /* ToolboxStyleEmulatorRow.swift in Sources */,
				A4A65DF72DF3348200F1C2AD /* StatusBarContentView.swift in Sources */,
				A4A65DF82DF3348200F1C2AD /* AVDManagerError.swift in Sources */,
				A4A65DF92DF3348200F1C2AD /* EmulatorManaging.swift in Sources */,
				A4A65DFA2DF3348200F1C2AD /* StatusBarManager.swift in Sources */,
				A4A65DFB2DF3348200F1C2AD /* EmptyStateView.swift in Sources */,
				A4A65DFC2DF3348200F1C2AD /* SettingsView.swift in Sources */,
				A4A65DFD2DF3348200F1C2AD /* AndroidEmulatorManager.swift in Sources */,
			);
			runOnlyForDeploymentPostprocessing = 0;
		};
/* End PBXSourcesBuildPhase section */

/* Begin XCBuildConfiguration section */
		A45286602DF2180500CAD647 /* Debug */ = {
			isa = XCBuildConfiguration;
			buildSettings = {
				ALWAYS_SEARCH_USER_PATHS = NO;
				ASSETCATALOG_COMPILER_GENERATE_SWIFT_ASSET_SYMBOL_EXTENSIONS = YES;
				CLANG_ANALYZER_NONNULL = YES;
				CLANG_ANALYZER_NUMBER_OBJECT_CONVERSION = YES_AGGRESSIVE;
				CLANG_CXX_LANGUAGE_STANDARD = "gnu++20";
				CLANG_ENABLE_MODULES = YES;
				CLANG_ENABLE_OBJC_ARC = YES;
				CLANG_ENABLE_OBJC_WEAK = YES;
				CLANG_WARN_BLOCK_CAPTURE_AUTORELEASING = YES;
				CLANG_WARN_BOOL_CONVERSION = YES;
				CLANG_WARN_COMMA = YES;
				CLANG_WARN_CONSTANT_CONVERSION = YES;
				CLANG_WARN_DEPRECATED_OBJC_IMPLEMENTATIONS = YES;
				CLANG_WARN_DIRECT_OBJC_ISA_USAGE = YES_ERROR;
				CLANG_WARN_DOCUMENTATION_COMMENTS = YES;
				CLANG_WARN_EMPTY_BODY = YES;
				CLANG_WARN_ENUM_CONVERSION = YES;
				CLANG_WARN_INFINITE_RECURSION = YES;
				CLANG_WARN_INT_CONVERSION = YES;
				CLANG_WARN_NON_LITERAL_NULL_CONVERSION = YES;
				CLANG_WARN_OBJC_IMPLICIT_RETAIN_SELF = YES;
				CLANG_WARN_OBJC_LITERAL_CONVERSION = YES;
				CLANG_WARN_OBJC_ROOT_CLASS = YES_ERROR;
				CLANG_WARN_QUOTED_INCLUDE_IN_FRAMEWORK_HEADER = YES;
				CLANG_WARN_RANGE_LOOP_ANALYSIS = YES;
				CLANG_WARN_STRICT_PROTOTYPES = YES;
				CLANG_WARN_SUSPICIOUS_MOVE = YES;
				CLANG_WARN_UNGUARDED_AVAILABILITY = YES_AGGRESSIVE;
				CLANG_WARN_UNREACHABLE_CODE = YES;
				CLANG_WARN__DUPLICATE_METHOD_MATCH = YES;
				COPY_PHASE_STRIP = NO;
				DEAD_CODE_STRIPPING = YES;
				DEBUG_INFORMATION_FORMAT = dwarf;
				ENABLE_STRICT_OBJC_MSGSEND = YES;
				ENABLE_TESTABILITY = YES;
				ENABLE_USER_SCRIPT_SANDBOXING = YES;
				GCC_C_LANGUAGE_STANDARD = gnu17;
				GCC_DYNAMIC_NO_PIC = NO;
				GCC_NO_COMMON_BLOCKS = YES;
				GCC_OPTIMIZATION_LEVEL = 0;
				GCC_PREPROCESSOR_DEFINITIONS = (
					"DEBUG=1",
					"$(inherited)",
				);
				GCC_WARN_64_TO_32_BIT_CONVERSION = YES;
				GCC_WARN_ABOUT_RETURN_TYPE = YES_ERROR;
				GCC_WARN_UNDECLARED_SELECTOR = YES;
				GCC_WARN_UNINITIALIZED_AUTOS = YES_AGGRESSIVE;
				GCC_WARN_UNUSED_FUNCTION = YES;
				GCC_WARN_UNUSED_VARIABLE = YES;
				LOCALIZATION_PREFERS_STRING_CATALOGS = YES;
				MACOSX_DEPLOYMENT_TARGET = 14.0;
				MTL_ENABLE_DEBUG_INFO = INCLUDE_SOURCE;
				MTL_FAST_MATH = YES;
				ONLY_ACTIVE_ARCH = YES;
				SDKROOT = macosx;
				SWIFT_ACTIVE_COMPILATION_CONDITIONS = "DEBUG $(inherited)";
				SWIFT_OPTIMIZATION_LEVEL = "-Onone";
			};
			name = Debug;
		};
		A45286612DF2180500CAD647 /* Release */ = {
			isa = XCBuildConfiguration;
			buildSettings = {
				ALWAYS_SEARCH_USER_PATHS = NO;
				ASSETCATALOG_COMPILER_GENERATE_SWIFT_ASSET_SYMBOL_EXTENSIONS = YES;
				CLANG_ANALYZER_NONNULL = YES;
				CLANG_ANALYZER_NUMBER_OBJECT_CONVERSION = YES_AGGRESSIVE;
				CLANG_CXX_LANGUAGE_STANDARD = "gnu++20";
				CLANG_ENABLE_MODULES = YES;
				CLANG_ENABLE_OBJC_ARC = YES;
				CLANG_ENABLE_OBJC_WEAK = YES;
				CLANG_WARN_BLOCK_CAPTURE_AUTORELEASING = YES;
				CLANG_WARN_BOOL_CONVERSION = YES;
				CLANG_WARN_COMMA = YES;
				CLANG_WARN_CONSTANT_CONVERSION = YES;
				CLANG_WARN_DEPRECATED_OBJC_IMPLEMENTATIONS = YES;
				CLANG_WARN_DIRECT_OBJC_ISA_USAGE = YES_ERROR;
				CLANG_WARN_DOCUMENTATION_COMMENTS = YES;
				CLANG_WARN_EMPTY_BODY = YES;
				CLANG_WARN_ENUM_CONVERSION = YES;
				CLANG_WARN_INFINITE_RECURSION = YES;
				CLANG_WARN_INT_CONVERSION = YES;
				CLANG_WARN_NON_LITERAL_NULL_CONVERSION = YES;
				CLANG_WARN_OBJC_IMPLICIT_RETAIN_SELF = YES;
				CLANG_WARN_OBJC_LITERAL_CONVERSION = YES;
				CLANG_WARN_OBJC_ROOT_CLASS = YES_ERROR;
				CLANG_WARN_QUOTED_INCLUDE_IN_FRAMEWORK_HEADER = YES;
				CLANG_WARN_RANGE_LOOP_ANALYSIS = YES;
				CLANG_WARN_STRICT_PROTOTYPES = YES;
				CLANG_WARN_SUSPICIOUS_MOVE = YES;
				CLANG_WARN_UNGUARDED_AVAILABILITY = YES_AGGRESSIVE;
				CLANG_WARN_UNREACHABLE_CODE = YES;
				CLANG_WARN__DUPLICATE_METHOD_MATCH = YES;
				COPY_PHASE_STRIP = NO;
				DEAD_CODE_STRIPPING = YES;
				DEBUG_INFORMATION_FORMAT = "dwarf-with-dsym";
				ENABLE_NS_ASSERTIONS = NO;
				ENABLE_STRICT_OBJC_MSGSEND = YES;
				ENABLE_USER_SCRIPT_SANDBOXING = YES;
				GCC_C_LANGUAGE_STANDARD = gnu17;
				GCC_NO_COMMON_BLOCKS = YES;
				GCC_WARN_64_TO_32_BIT_CONVERSION = YES;
				GCC_WARN_ABOUT_RETURN_TYPE = YES_ERROR;
				GCC_WARN_UNDECLARED_SELECTOR = YES;
				GCC_WARN_UNINITIALIZED_AUTOS = YES_AGGRESSIVE;
				GCC_WARN_UNUSED_FUNCTION = YES;
				GCC_WARN_UNUSED_VARIABLE = YES;
				LOCALIZATION_PREFERS_STRING_CATALOGS = YES;
				MACOSX_DEPLOYMENT_TARGET = 14.0;
				MTL_ENABLE_DEBUG_INFO = NO;
				MTL_FAST_MATH = YES;
				SDKROOT = macosx;
				SWIFT_COMPILATION_MODE = wholemodule;
			};
			name = Release;
		};
		A45286632DF2180500CAD647 /* Debug */ = {
			isa = XCBuildConfiguration;
			buildSettings = {
				ASSETCATALOG_COMPILER_APPICON_NAME = AppIcon;
				ASSETCATALOG_COMPILER_GLOBAL_ACCENT_COLOR_NAME = AccentColor;
				CODE_SIGN_ENTITLEMENTS = avdmanager/avdmanager.entitlements;
				CODE_SIGN_STYLE = Manual;
				COMBINE_HIDPI_IMAGES = YES;
				CURRENT_PROJECT_VERSION = 1;
				DEAD_CODE_STRIPPING = YES;
				DEVELOPMENT_ASSET_PATHS = "";
				DEVELOPMENT_TEAM = "";
				ENABLE_HARDENED_RUNTIME = YES;
				ENABLE_PREVIEWS = YES;
				GENERATE_INFOPLIST_FILE = YES;
				INFOPLIST_KEY_CFBundleDisplayName = "AVD Manager";
				INFOPLIST_KEY_LSApplicationCategoryType = "public.app-category.developer-tools";
				INFOPLIST_KEY_NSHumanReadableCopyright = "";
				LD_RUNPATH_SEARCH_PATHS = (
					"$(inherited)",
					"@executable_path/../Frameworks",
				);
				MARKETING_VERSION = 1.0;
				PRODUCT_BUNDLE_IDENTIFIER = com.prudhvi.avdmanager;
				PRODUCT_NAME = "$(TARGET_NAME)";
				PROVISIONING_PROFILE_SPECIFIER = "";
				SWIFT_EMIT_LOC_STRINGS = YES;
				SWIFT_VERSION = 5.0;
			};
			name = Debug;
		};
		A45286642DF2180500CAD647 /* Release */ = {
			isa = XCBuildConfiguration;
			buildSettings = {
				ASSETCATALOG_COMPILER_APPICON_NAME = AppIcon;
				ASSETCATALOG_COMPILER_GLOBAL_ACCENT_COLOR_NAME = AccentColor;
				CODE_SIGN_ENTITLEMENTS = avdmanager/avdmanager.entitlements;
				CODE_SIGN_STYLE = Manual;
				COMBINE_HIDPI_IMAGES = YES;
				CURRENT_PROJECT_VERSION = 1;
				DEAD_CODE_STRIPPING = YES;
				DEVELOPMENT_ASSET_PATHS = "";
				DEVELOPMENT_TEAM = "";
				ENABLE_HARDENED_RUNTIME = YES;
				ENABLE_PREVIEWS = YES;
				GENERATE_INFOPLIST_FILE = YES;
				INFOPLIST_KEY_CFBundleDisplayName = "AVD Manager";
				INFOPLIST_KEY_LSApplicationCategoryType = "public.app-category.developer-tools";
				INFOPLIST_KEY_NSHumanReadableCopyright = "";
				LD_RUNPATH_SEARCH_PATHS = (
					"$(inherited)",
					"@executable_path/../Frameworks",
				);
				MARKETING_VERSION = 1.0;
				PRODUCT_BUNDLE_IDENTIFIER = com.prudhvi.avdmanager;
				PRODUCT_NAME = "$(TARGET_NAME)";
				PROVISIONING_PROFILE_SPECIFIER = "";
				SWIFT_EMIT_LOC_STRINGS = YES;
				SWIFT_VERSION = 5.0;
			};
			name = Release;
		};
/* End XCBuildConfiguration section */

/* Begin XCConfigurationList section */
		A452863B2DF2180300CAD647 /* Build configuration list for PBXProject "avdmanager" */ = {
			isa = XCConfigurationList;
			buildConfigurations = (
				A45286602DF2180500CAD647 /* Debug */,
				A45286612DF2180500CAD647 /* Release */,
			);
			defaultConfigurationIsVisible = 0;
			defaultConfigurationName = Release;
		};
		A45286622DF2180500CAD647 /* Build configuration list for PBXNativeTarget "avdmanager" */ = {
			isa = XCConfigurationList;
			buildConfigurations = (
				A45286632DF2180500CAD647 /* Debug */,
				A45286642DF2180500CAD647 /* Release */,
			);
			defaultConfigurationIsVisible = 0;
			defaultConfigurationName = Release;
		};
/* End XCConfigurationList section */
	};
	rootObject = A45286382DF2180300CAD647 /* Project object */;
}
