// !$*UTF8*$!
{
	archiveVersion = 1;
	classes = {
	};
	objectVersion = 77;
	objects = {

/* Begin PBXContainerItemProxy section */
		A452864F2DF2180500CAD647 /* PBXContainerItemProxy */ = {
			isa = PBXContainerItemProxy;
			containerPortal = A45286382DF2180300CAD647 /* Project object */;
			proxyType = 1;
			remoteGlobalIDString = A452863F2DF2180300CAD647;
			remoteInfo = avdmanager;
		};
		A45286592DF2180500CAD647 /* PBXContainerItemProxy */ = {
			isa = PBXContainerItemProxy;
			containerPortal = A45286382DF2180300CAD647 /* Project object */;
			proxyType = 1;
			remoteGlobalIDString = A452863F2DF2180300CAD647;
			remoteInfo = avdmanager;
		};
/* End PBXContainerItemProxy section */

/* Begin PBXFileReference section */
		A45286402DF2180300CAD647 /* avdmanager.app */ = {isa = PBXFileReference; explicitFileType = wrapper.application; includeInIndex = 0; path = avdmanager.app; sourceTree = BUILT_PRODUCTS_DIR; };
		A452864E2DF2180500CAD647 /* avdmanagerTests.xctest */ = {isa = PBXFileReference; explicitFileType = wrapper.cfbundle; includeInIndex = 0; path = avdmanagerTests.xctest; sourceTree = BUILT_PRODUCTS_DIR; };
		A45286582DF2180500CAD647 /* avdmanagerUITests.xctest */ = {isa = PBXFileReference; explicitFileType = wrapper.cfbundle; includeInIndex = 0; path = avdmanagerUITests.xctest; sourceTree = BUILT_PRODUCTS_DIR; };
/* End PBXFileReference section */

/* Begin PBXFileSystemSynchronizedRootGroup section */
		A45286422DF2180400CAD647 /* avdmanager */ = {
			isa = PBXFileSystemSynchronizedRootGroup;
			path = avdmanager;
			sourceTree = "<group>";
		};
		A45286512DF2180500CAD647 /* avdmanagerTests */ = {
			isa = PBXFileSystemSynchronizedRootGroup;
			path = avdmanagerTests;
			sourceTree = "<group>";
		};
		A452865B2DF2180500CAD647 /* avdmanagerUITests */ = {
			isa = PBXFileSystemSynchronizedRootGroup;
			path = avdmanagerUITests;
			sourceTree = "<group>";
		};
/* End PBXFileSystemSynchronizedRootGroup section */

/* Begin PBXFrameworksBuildPhase section */
		A452863D2DF2180300CAD647 /* Frameworks */ = {
			isa = PBXFrameworksBuildPhase;
			buildActionMask = 2147483647;
			files = (
			);
			runOnlyForDeploymentPostprocessing = 0;
		};
		A452864B2DF2180500CAD647 /* Frameworks */ = {
			isa = PBXFrameworksBuildPhase;
			buildActionMask = 2147483647;
			files = (
			);
			runOnlyForDeploymentPostprocessing = 0;
		};
		A45286552DF2180500CAD647 /* Frameworks */ = {
			isa = PBXFrameworksBuildPhase;
			buildActionMask = 2147483647;
			files = (
			);
			runOnlyForDeploymentPostprocessing = 0;
		};
/* End PBXFrameworksBuildPhase section */

/* Begin PBXGroup section */
		A45286372DF2180300CAD647 = {
			isa = PBXGroup;
			children = (
				A45286422DF2180400CAD647 /* avdmanager */,
				A45286512DF2180500CAD647 /* avdmanagerTests */,
				A452865B2DF2180500CAD647 /* avdmanagerUITests */,
				A45286412DF2180300CAD647 /* Products */,
			);
			sourceTree = "<group>";
		};
		A45286412DF2180300CAD647 /* Products */ = {
			isa = PBXGroup;
			children = (
				A45286402DF2180300CAD647 /* avdmanager.app */,
				A452864E2DF2180500CAD647 /* avdmanagerTests.xctest */,
				A45286582DF2180500CAD647 /* avdmanagerUITests.xctest */,
			);
			name = Products;
			sourceTree = "<group>";
		};
/* End PBXGroup section */

/* Begin PBXNativeTarget section */
		A452863F2DF2180300CAD647 /* avdmanager */ = {
			isa = PBXNativeTarget;
			buildConfigurationList = A45286622DF2180500CAD647 /* Build configuration list for PBXNativeTarget "avdmanager" */;
			buildPhases = (
				A452863C2DF2180300CAD647 /* Sources */,
				A452863D2DF2180300CAD647 /* Frameworks */,
				A452863E2DF2180300CAD647 /* Resources */,
			);
			buildRules = (
			);
			dependencies = (
			);
			fileSystemSynchronizedGroups = (
				A45286422DF2180400CAD647 /* avdmanager */,
			);
			name = avdmanager;
			packageProductDependencies = (
			);
			productName = avdmanager;
			productReference = A45286402DF2180300CAD647 /* avdmanager.app */;
			productType = "com.apple.product-type.application";
		};
		A452864D2DF2180500CAD647 /* avdmanagerTests */ = {
			isa = PBXNativeTarget;
			buildConfigurationList = A45286652DF2180500CAD647 /* Build configuration list for PBXNativeTarget "avdmanagerTests" */;
			buildPhases = (
				A452864A2DF2180500CAD647 /* Sources */,
				A452864B2DF2180500CAD647 /* Frameworks */,
				A452864C2DF2180500CAD647 /* Resources */,
			);
			buildRules = (
			);
			dependencies = (
				A45286502DF2180500CAD647 /* PBXTargetDependency */,
			);
			fileSystemSynchronizedGroups = (
				A45286512DF2180500CAD647 /* avdmanagerTests */,
			);
			name = avdmanagerTests;
			packageProductDependencies = (
			);
			productName = avdmanagerTests;
			productReference = A452864E2DF2180500CAD647 /* avdmanagerTests.xctest */;
			productType = "com.apple.product-type.bundle.unit-test";
		};
		A45286572DF2180500CAD647 /* avdmanagerUITests */ = {
			isa = PBXNativeTarget;
			buildConfigurationList = A45286682DF2180500CAD647 /* Build configuration list for PBXNativeTarget "avdmanagerUITests" */;
			buildPhases = (
				A45286542DF2180500CAD647 /* Sources */,
				A45286552DF2180500CAD647 /* Frameworks */,
				A45286562DF2180500CAD647 /* Resources */,
			);
			buildRules = (
			);
			dependencies = (
				A452865A2DF2180500CAD647 /* PBXTargetDependency */,
			);
			fileSystemSynchronizedGroups = (
				A452865B2DF2180500CAD647 /* avdmanagerUITests */,
			);
			name = avdmanagerUITests;
			packageProductDependencies = (
			);
			productName = avdmanagerUITests;
			productReference = A45286582DF2180500CAD647 /* avdmanagerUITests.xctest */;
			productType = "com.apple.product-type.bundle.ui-testing";
		};
/* End PBXNativeTarget section */

/* Begin PBXProject section */
		A45286382DF2180300CAD647 /* Project object */ = {
			isa = PBXProject;
			attributes = {
				BuildIndependentTargetsInParallel = 1;
				LastSwiftUpdateCheck = 1630;
				LastUpgradeCheck = 1630;
				TargetAttributes = {
					A452863F2DF2180300CAD647 = {
						CreatedOnToolsVersion = 16.3;
					};
					A452864D2DF2180500CAD647 = {
						CreatedOnToolsVersion = 16.3;
						TestTargetID = A452863F2DF2180300CAD647;
					};
					A45286572DF2180500CAD647 = {
						CreatedOnToolsVersion = 16.3;
						TestTargetID = A452863F2DF2180300CAD647;
					};
				};
			};
			buildConfigurationList = A452863B2DF2180300CAD647 /* Build configuration list for PBXProject "avdmanager" */;
			developmentRegion = en;
			hasScannedForEncodings = 0;
			knownRegions = (
				en,
				Base,
			);
			mainGroup = A45286372DF2180300CAD647;
			minimizedProjectReferenceProxies = 1;
			preferredProjectObjectVersion = 77;
			productRefGroup = A45286412DF2180300CAD647 /* Products */;
			projectDirPath = "";
			projectRoot = "";
			targets = (
				A452863F2DF2180300CAD647 /* avdmanager */,
				A452864D2DF2180500CAD647 /* avdmanagerTests */,
				A45286572DF2180500CAD647 /* avdmanagerUITests */,
			);
		};
/* End PBXProject section */

/* Begin PBXResourcesBuildPhase section */
		A452863E2DF2180300CAD647 /* Resources */ = {
			isa = PBXResourcesBuildPhase;
			buildActionMask = 2147483647;
			files = (
			);
			runOnlyForDeploymentPostprocessing = 0;
		};
		A452864C2DF2180500CAD647 /* Resources */ = {
			isa = PBXResourcesBuildPhase;
			buildActionMask = 2147483647;
			files = (
			);
			runOnlyForDeploymentPostprocessing = 0;
		};
		A45286562DF2180500CAD647 /* Resources */ = {
			isa = PBXResourcesBuildPhase;
			buildActionMask = 2147483647;
			files = (
			);
			runOnlyForDeploymentPostprocessing = 0;
		};
/* End PBXResourcesBuildPhase section */

/* Begin PBXSourcesBuildPhase section */
		A452863C2DF2180300CAD647 /* Sources */ = {
			isa = PBXSourcesBuildPhase;
			buildActionMask = 2147483647;
			files = (
			);
			runOnlyForDeploymentPostprocessing = 0;
		};
		A452864A2DF2180500CAD647 /* Sources */ = {
			isa = PBXSourcesBuildPhase;
			buildActionMask = 2147483647;
			files = (
			);
			runOnlyForDeploymentPostprocessing = 0;
		};
		A45286542DF2180500CAD647 /* Sources */ = {
			isa = PBXSourcesBuildPhase;
			buildActionMask = 2147483647;
			files = (
			);
			runOnlyForDeploymentPostprocessing = 0;
		};
/* End PBXSourcesBuildPhase section */

/* Begin PBXTargetDependency section */
		A45286502DF2180500CAD647 /* PBXTargetDependency */ = {
			isa = PBXTargetDependency;
			target = A452863F2DF2180300CAD647 /* avdmanager */;
			targetProxy = A452864F2DF2180500CAD647 /* PBXContainerItemProxy */;
		};
		A452865A2DF2180500CAD647 /* PBXTargetDependency */ = {
			isa = PBXTargetDependency;
			target = A452863F2DF2180300CAD647 /* avdmanager */;
			targetProxy = A45286592DF2180500CAD647 /* PBXContainerItemProxy */;
		};
/* End PBXTargetDependency section */

/* Begin XCBuildConfiguration section */
		A45286602DF2180500CAD647 /* Debug */ = {
			isa = XCBuildConfiguration;
			buildSettings = {
				ALWAYS_SEARCH_USER_PATHS = NO;
				ASSETCATALOG_COMPILER_GENERATE_SWIFT_ASSET_SYMBOL_EXTENSIONS = YES;
				CLANG_ANALYZER_NONNULL = YES;
				CLANG_ANALYZER_NUMBER_OBJECT_CONVERSION = YES_AGGRESSIVE;
				CLANG_CXX_LANGUAGE_STANDARD = "gnu++20";
				CLANG_ENABLE_MODULES = YES;
				CLANG_ENABLE_OBJC_ARC = YES;
				CLANG_ENABLE_OBJC_WEAK = YES;
				CLANG_WARN_BLOCK_CAPTURE_AUTORELEASING = YES;
				CLANG_WARN_BOOL_CONVERSION = YES;
				CLANG_WARN_COMMA = YES;
				CLANG_WARN_CONSTANT_CONVERSION = YES;
				CLANG_WARN_DEPRECATED_OBJC_IMPLEMENTATIONS = YES;
				CLANG_WARN_DIRECT_OBJC_ISA_USAGE = YES_ERROR;
				CLANG_WARN_DOCUMENTATION_COMMENTS = YES;
				CLANG_WARN_EMPTY_BODY = YES;
				CLANG_WARN_ENUM_CONVERSION = YES;
				CLANG_WARN_INFINITE_RECURSION = YES;
				CLANG_WARN_INT_CONVERSION = YES;
				CLANG_WARN_NON_LITERAL_NULL_CONVERSION = YES;
				CLANG_WARN_OBJC_IMPLICIT_RETAIN_SELF = YES;
				CLANG_WARN_OBJC_LITERAL_CONVERSION = YES;
				CLANG_WARN_OBJC_ROOT_CLASS = YES_ERROR;
				CLANG_WARN_QUOTED_INCLUDE_IN_FRAMEWORK_HEADER = YES;
				CLANG_WARN_RANGE_LOOP_ANALYSIS = YES;
				CLANG_WARN_STRICT_PROTOTYPES = YES;
				CLANG_WARN_SUSPICIOUS_MOVE = YES;
				CLANG_WARN_UNGUARDED_AVAILABILITY = YES_AGGRESSIVE;
				CLANG_WARN_UNREACHABLE_CODE = YES;
				CLANG_WARN__DUPLICATE_METHOD_MATCH = YES;
				COPY_PHASE_STRIP = NO;
				DEBUG_INFORMATION_FORMAT = dwarf;
				DEVELOPMENT_TEAM = QQ8FA674FU;
				ENABLE_STRICT_OBJC_MSGSEND = YES;
				ENABLE_TESTABILITY = YES;
				ENABLE_USER_SCRIPT_SANDBOXING = YES;
				GCC_C_LANGUAGE_STANDARD = gnu17;
				GCC_DYNAMIC_NO_PIC = NO;
				GCC_NO_COMMON_BLOCKS = YES;
				GCC_OPTIMIZATION_LEVEL = 0;
				GCC_PREPROCESSOR_DEFINITIONS = (
					"DEBUG=1",
					"$(inherited)",
				);
				GCC_WARN_64_TO_32_BIT_CONVERSION = YES;
				GCC_WARN_ABOUT_RETURN_TYPE = YES_ERROR;
				GCC_WARN_UNDECLARED_SELECTOR = YES;
				GCC_WARN_UNINITIALIZED_AUTOS = YES_AGGRESSIVE;
				GCC_WARN_UNUSED_FUNCTION = YES;
				GCC_WARN_UNUSED_VARIABLE = YES;
				LOCALIZATION_PREFERS_STRING_CATALOGS = YES;
				MACOSX_DEPLOYMENT_TARGET = 15.4;
				MTL_ENABLE_DEBUG_INFO = INCLUDE_SOURCE;
				MTL_FAST_MATH = YES;
				ONLY_ACTIVE_ARCH = YES;
				SDKROOT = macosx;
				SWIFT_ACTIVE_COMPILATION_CONDITIONS = "DEBUG $(inherited)";
				SWIFT_OPTIMIZATION_LEVEL = "-Onone";
			};
			name = Debug;
		};
		A45286612DF2180500CAD647 /* Release */ = {
			isa = XCBuildConfiguration;
			buildSettings = {
				ALWAYS_SEARCH_USER_PATHS = NO;
				ASSETCATALOG_COMPILER_GENERATE_SWIFT_ASSET_SYMBOL_EXTENSIONS = YES;
				CLANG_ANALYZER_NONNULL = YES;
				CLANG_ANALYZER_NUMBER_OBJECT_CONVERSION = YES_AGGRESSIVE;
				CLANG_CXX_LANGUAGE_STANDARD = "gnu++20";
				CLANG_ENABLE_MODULES = YES;
				CLANG_ENABLE_OBJC_ARC = YES;
				CLANG_ENABLE_OBJC_WEAK = YES;
				CLANG_WARN_BLOCK_CAPTURE_AUTORELEASING = YES;
				CLANG_WARN_BOOL_CONVERSION = YES;
				CLANG_WARN_COMMA = YES;
				CLANG_WARN_CONSTANT_CONVERSION = YES;
				CLANG_WARN_DEPRECATED_OBJC_IMPLEMENTATIONS = YES;
				CLANG_WARN_DIRECT_OBJC_ISA_USAGE = YES_ERROR;
				CLANG_WARN_DOCUMENTATION_COMMENTS = YES;
				CLANG_WARN_EMPTY_BODY = YES;
				CLANG_WARN_ENUM_CONVERSION = YES;
				CLANG_WARN_INFINITE_RECURSION = YES;
				CLANG_WARN_INT_CONVERSION = YES;
				CLANG_WARN_NON_LITERAL_NULL_CONVERSION = YES;
				CLANG_WARN_OBJC_IMPLICIT_RETAIN_SELF = YES;
				CLANG_WARN_OBJC_LITERAL_CONVERSION = YES;
				CLANG_WARN_OBJC_ROOT_CLASS = YES_ERROR;
				CLANG_WARN_QUOTED_INCLUDE_IN_FRAMEWORK_HEADER = YES;
				CLANG_WARN_RANGE_LOOP_ANALYSIS = YES;
				CLANG_WARN_STRICT_PROTOTYPES = YES;
				CLANG_WARN_SUSPICIOUS_MOVE = YES;
				CLANG_WARN_UNGUARDED_AVAILABILITY = YES_AGGRESSIVE;
				CLANG_WARN_UNREACHABLE_CODE = YES;
				CLANG_WARN__DUPLICATE_METHOD_MATCH = YES;
				COPY_PHASE_STRIP = NO;
				DEBUG_INFORMATION_FORMAT = "dwarf-with-dsym";
				DEVELOPMENT_TEAM = QQ8FA674FU;
				ENABLE_NS_ASSERTIONS = NO;
				ENABLE_STRICT_OBJC_MSGSEND = YES;
				ENABLE_USER_SCRIPT_SANDBOXING = YES;
				GCC_C_LANGUAGE_STANDARD = gnu17;
				GCC_NO_COMMON_BLOCKS = YES;
				GCC_WARN_64_TO_32_BIT_CONVERSION = YES;
				GCC_WARN_ABOUT_RETURN_TYPE = YES_ERROR;
				GCC_WARN_UNDECLARED_SELECTOR = YES;
				GCC_WARN_UNINITIALIZED_AUTOS = YES_AGGRESSIVE;
				GCC_WARN_UNUSED_FUNCTION = YES;
				GCC_WARN_UNUSED_VARIABLE = YES;
				LOCALIZATION_PREFERS_STRING_CATALOGS = YES;
				MACOSX_DEPLOYMENT_TARGET = 15.4;
				MTL_ENABLE_DEBUG_INFO = NO;
				MTL_FAST_MATH = YES;
				SDKROOT = macosx;
				SWIFT_COMPILATION_MODE = wholemodule;
			};
			name = Release;
		};
		A45286632DF2180500CAD647 /* Debug */ = {
			isa = XCBuildConfiguration;
			buildSettings = {
				ASSETCATALOG_COMPILER_APPICON_NAME = AppIcon;
				ASSETCATALOG_COMPILER_GLOBAL_ACCENT_COLOR_NAME = AccentColor;
				CODE_SIGN_ENTITLEMENTS = avdmanager/avdmanager.entitlements;
				CODE_SIGN_STYLE = Automatic;
				COMBINE_HIDPI_IMAGES = YES;
				CURRENT_PROJECT_VERSION = 1;
				DEVELOPMENT_TEAM = QQ8FA674FU;
				ENABLE_HARDENED_RUNTIME = YES;
				ENABLE_PREVIEWS = YES;
				GENERATE_INFOPLIST_FILE = YES;
				INFOPLIST_KEY_NSHumanReadableCopyright = "";
				LD_RUNPATH_SEARCH_PATHS = (
					"$(inherited)",
					"@executable_path/../Frameworks",
				);
				MARKETING_VERSION = 1.0;
				PRODUCT_BUNDLE_IDENTIFIER = io.github.prudhvir3ddy.avdmanager;
				PRODUCT_NAME = "$(TARGET_NAME)";
				REGISTER_APP_GROUPS = YES;
				SWIFT_EMIT_LOC_STRINGS = YES;
				SWIFT_VERSION = 5.0;
			};
			name = Debug;
		};
		A45286642DF2180500CAD647 /* Release */ = {
			isa = XCBuildConfiguration;
			buildSettings = {
				ASSETCATALOG_COMPILER_APPICON_NAME = AppIcon;
				ASSETCATALOG_COMPILER_GLOBAL_ACCENT_COLOR_NAME = AccentColor;
				CODE_SIGN_ENTITLEMENTS = avdmanager/avdmanager.entitlements;
				CODE_SIGN_STYLE = Automatic;
				COMBINE_HIDPI_IMAGES = YES;
				CURRENT_PROJECT_VERSION = 1;
				DEVELOPMENT_TEAM = QQ8FA674FU;
				ENABLE_HARDENED_RUNTIME = YES;
				ENABLE_PREVIEWS = YES;
				GENERATE_INFOPLIST_FILE = YES;
				INFOPLIST_KEY_NSHumanReadableCopyright = "";
				LD_RUNPATH_SEARCH_PATHS = (
					"$(inherited)",
					"@executable_path/../Frameworks",
				);
				MARKETING_VERSION = 1.0;
				PRODUCT_BUNDLE_IDENTIFIER = io.github.prudhvir3ddy.avdmanager;
				PRODUCT_NAME = "$(TARGET_NAME)";
				REGISTER_APP_GROUPS = YES;
				SWIFT_EMIT_LOC_STRINGS = YES;
				SWIFT_VERSION = 5.0;
			};
			name = Release;
		};
		A45286662DF2180500CAD647 /* Debug */ = {
			isa = XCBuildConfiguration;
			buildSettings = {
				BUNDLE_LOADER = "$(TEST_HOST)";
				CODE_SIGN_STYLE = Automatic;
				CURRENT_PROJECT_VERSION = 1;
				DEVELOPMENT_TEAM = QQ8FA674FU;
				GENERATE_INFOPLIST_FILE = YES;
				MACOSX_DEPLOYMENT_TARGET = 15.4;
				MARKETING_VERSION = 1.0;
				PRODUCT_BUNDLE_IDENTIFIER = io.github.prudhvir3ddy.avdmanagerTests;
				PRODUCT_NAME = "$(TARGET_NAME)";
				SWIFT_EMIT_LOC_STRINGS = NO;
				SWIFT_VERSION = 5.0;
				TEST_HOST = "$(BUILT_PRODUCTS_DIR)/avdmanager.app/$(BUNDLE_EXECUTABLE_FOLDER_PATH)/avdmanager";
			};
			name = Debug;
		};
		A45286672DF2180500CAD647 /* Release */ = {
			isa = XCBuildConfiguration;
			buildSettings = {
				BUNDLE_LOADER = "$(TEST_HOST)";
				CODE_SIGN_STYLE = Automatic;
				CURRENT_PROJECT_VERSION = 1;
				DEVELOPMENT_TEAM = QQ8FA674FU;
				GENERATE_INFOPLIST_FILE = YES;
				MACOSX_DEPLOYMENT_TARGET = 15.4;
				MARKETING_VERSION = 1.0;
				PRODUCT_BUNDLE_IDENTIFIER = io.github.prudhvir3ddy.avdmanagerTests;
				PRODUCT_NAME = "$(TARGET_NAME)";
				SWIFT_EMIT_LOC_STRINGS = NO;
				SWIFT_VERSION = 5.0;
				TEST_HOST = "$(BUILT_PRODUCTS_DIR)/avdmanager.app/$(BUNDLE_EXECUTABLE_FOLDER_PATH)/avdmanager";
			};
			name = Release;
		};
		A45286692DF2180500CAD647 /* Debug */ = {
			isa = XCBuildConfiguration;
			buildSettings = {
				CODE_SIGN_STYLE = Automatic;
				CURRENT_PROJECT_VERSION = 1;
				DEVELOPMENT_TEAM = QQ8FA674FU;
				GENERATE_INFOPLIST_FILE = YES;
				MARKETING_VERSION = 1.0;
				PRODUCT_BUNDLE_IDENTIFIER = io.github.prudhvir3ddy.avdmanagerUITests;
				PRODUCT_NAME = "$(TARGET_NAME)";
				SWIFT_EMIT_LOC_STRINGS = NO;
				SWIFT_VERSION = 5.0;
				TEST_TARGET_NAME = avdmanager;
			};
			name = Debug;
		};
		A452866A2DF2180500CAD647 /* Release */ = {
			isa = XCBuildConfiguration;
			buildSettings = {
				CODE_SIGN_STYLE = Automatic;
				CURRENT_PROJECT_VERSION = 1;
				DEVELOPMENT_TEAM = QQ8FA674FU;
				GENERATE_INFOPLIST_FILE = YES;
				MARKETING_VERSION = 1.0;
				PRODUCT_BUNDLE_IDENTIFIER = io.github.prudhvir3ddy.avdmanagerUITests;
				PRODUCT_NAME = "$(TARGET_NAME)";
				SWIFT_EMIT_LOC_STRINGS = NO;
				SWIFT_VERSION = 5.0;
				TEST_TARGET_NAME = avdmanager;
			};
			name = Release;
		};
/* End XCBuildConfiguration section */

/* Begin XCConfigurationList section */
		A452863B2DF2180300CAD647 /* Build configuration list for PBXProject "avdmanager" */ = {
			isa = XCConfigurationList;
			buildConfigurations = (
				A45286602DF2180500CAD647 /* Debug */,
				A45286612DF2180500CAD647 /* Release */,
			);
			defaultConfigurationIsVisible = 0;
			defaultConfigurationName = Release;
		};
		A45286622DF2180500CAD647 /* Build configuration list for PBXNativeTarget "avdmanager" */ = {
			isa = XCConfigurationList;
			buildConfigurations = (
				A45286632DF2180500CAD647 /* Debug */,
				A45286642DF2180500CAD647 /* Release */,
			);
			defaultConfigurationIsVisible = 0;
			defaultConfigurationName = Release;
		};
		A45286652DF2180500CAD647 /* Build configuration list for PBXNativeTarget "avdmanagerTests" */ = {
			isa = XCConfigurationList;
			buildConfigurations = (
				A45286662DF2180500CAD647 /* Debug */,
				A45286672DF2180500CAD647 /* Release */,
			);
			defaultConfigurationIsVisible = 0;
			defaultConfigurationName = Release;
		};
		A45286682DF2180500CAD647 /* Build configuration list for PBXNativeTarget "avdmanagerUITests" */ = {
			isa = XCConfigurationList;
			buildConfigurations = (
				A45286692DF2180500CAD647 /* Debug */,
				A452866A2DF2180500CAD647 /* Release */,
			);
			defaultConfigurationIsVisible = 0;
			defaultConfigurationName = Release;
		};
/* End XCConfigurationList section */
	};
	rootObject = A45286382DF2180300CAD647 /* Project object */;
}
